
Microsoft Visual Studio Solution File, Format Version 12.00
# Visual Studio Version 17
VisualStudioVersion = 17.1.32407.343
MinimumVisualStudioVersion = 10.0.40219.1
Project("{2150E333-8FDC-42A3-9474-1A3956D46DE8}") = "TestEssentials.Toolkit", "TestEssentials.Toolkit", "{A6201CAC-573A-4FE7-83E5-762D03EA2317}"
EndProject
Project("{9A19103F-16F7-4668-BE54-9A1E7A4F7556}") = "TestEssentials.Xunit", "..\src\TestEssentials.xUnit\TestEssentials.Xunit.csproj", "{33F56563-E813-4F0C-8EE6-FD89BA8C7841}"
EndProject
Project("{2150E333-8FDC-42A3-9474-1A3956D46DE8}") = "WeatherApp", "WeatherApp", "{DF9D6D52-3B36-450A-A316-FE53A131D159}"
EndProject
Project("{9A19103F-16F7-4668-BE54-9A1E7A4F7556}") = "API", "WeatherApp\API\API.csproj", "{83F75485-773C-4DF9-A3D9-A14BEDAA912D}"
EndProject
Project("{00D1A9C2-B5F0-4AF3-8072-F6C62B433612}") = "DB", "WeatherApp\DB\DB.sqlproj", "{549EE7C4-BD9A-4C08-919D-69F692931D2E}"
EndProject
Project("{9A19103F-16F7-4668-BE54-9A1E7A4F7556}") = "APITEST", "WeatherApp\APITEST\APITEST.csproj", "{FBF62201-ADD0-4DBF-8F8F-0BE49B0E0BC0}"
EndProject
Project("{9A19103F-16F7-4668-BE54-9A1E7A4F7556}") = "TestEssentials.ToolKit.Database.Dacpac", "..\src\TestEssentials.ToolKit.Database.Dacpac\TestEssentials.ToolKit.Database.Dacpac.csproj", "{6363CE9E-E8F1-4944-8596-6A4E7FB56EB1}"
EndProject
Project("{9A19103F-16F7-4668-BE54-9A1E7A4F7556}") = "UIInit", "WeatherApp\UIInit\UIInit.csproj", "{0A829AB8-CE0D-4BD9-8458-149797AD83E6}"
EndProject
Project("{9A19103F-16F7-4668-BE54-9A1E7A4F7556}") = "TestEssentials.ToolKit.Authentication", "..\src\TestEssentials.ToolKit.Authentication\TestEssentials.ToolKit.Authentication.csproj", "{2CC62DB7-E16A-406C-994E-A33CE2ABBD6E}"
EndProject
Project("{9A19103F-16F7-4668-BE54-9A1E7A4F7556}") = "TestEssentials.ToolKit.Database", "..\src\TestEssentials.ToolKit.Database\TestEssentials.ToolKit.Database.csproj", "{45E6C2EA-4139-489B-A29D-7B44D03F03D7}"
EndProject
Project("{9A19103F-16F7-4668-BE54-9A1E7A4F7556}") = "TestEssentials.ToolKit.Database.SqlServer", "..\src\TestEssentials.ToolKit.Database.SqlServer\TestEssentials.ToolKit.Database.SqlServer.csproj", "{EFF94FD6-6176-44B4-9E6C-C33E034F8E7A}"
EndProject
Project("{9A19103F-16F7-4668-BE54-9A1E7A4F7556}") = "TestEssentials.ToolKit.WireMock", "..\src\TestEssentials.ToolKit.WireMock\TestEssentials.ToolKit.WireMock.csproj", "{8E529AF2-C03D-4670-8BF3-61C15FBF3865}"
EndProject
Project("{9A19103F-16F7-4668-BE54-9A1E7A4F7556}") = "TestEssentials.ToolKit.MockServer", "..\src\TestEssentials.ToolKit.MockServer\TestEssentials.ToolKit.MockServer.csproj", "{2E59E629-253E-48EC-8EB2-FCD7F1A433E4}"
EndProject
Global
	GlobalSection(SolutionConfigurationPlatforms) = preSolution
		Debug|Any CPU = Debug|Any CPU
		Release|Any CPU = Release|Any CPU
	EndGlobalSection
	GlobalSection(ProjectConfigurationPlatforms) = postSolution
		{33F56563-E813-4F0C-8EE6-FD89BA8C7841}.Debug|Any CPU.ActiveCfg = Debug|Any CPU
		{33F56563-E813-4F0C-8EE6-FD89BA8C7841}.Debug|Any CPU.Build.0 = Debug|Any CPU
		{33F56563-E813-4F0C-8EE6-FD89BA8C7841}.Release|Any CPU.ActiveCfg = Release|Any CPU
		{33F56563-E813-4F0C-8EE6-FD89BA8C7841}.Release|Any CPU.Build.0 = Release|Any CPU
		{83F75485-773C-4DF9-A3D9-A14BEDAA912D}.Debug|Any CPU.ActiveCfg = Debug|Any CPU
		{83F75485-773C-4DF9-A3D9-A14BEDAA912D}.Debug|Any CPU.Build.0 = Debug|Any CPU
		{83F75485-773C-4DF9-A3D9-A14BEDAA912D}.Release|Any CPU.ActiveCfg = Release|Any CPU
		{83F75485-773C-4DF9-A3D9-A14BEDAA912D}.Release|Any CPU.Build.0 = Release|Any CPU
		{549EE7C4-BD9A-4C08-919D-69F692931D2E}.Debug|Any CPU.ActiveCfg = Debug|Any CPU
		{549EE7C4-BD9A-4C08-919D-69F692931D2E}.Debug|Any CPU.Build.0 = Debug|Any CPU
		{549EE7C4-BD9A-4C08-919D-69F692931D2E}.Debug|Any CPU.Deploy.0 = Debug|Any CPU
		{549EE7C4-BD9A-4C08-919D-69F692931D2E}.Release|Any CPU.ActiveCfg = Release|Any CPU
		{549EE7C4-BD9A-4C08-919D-69F692931D2E}.Release|Any CPU.Build.0 = Release|Any CPU
		{549EE7C4-BD9A-4C08-919D-69F692931D2E}.Release|Any CPU.Deploy.0 = Release|Any CPU
		{FBF62201-ADD0-4DBF-8F8F-0BE49B0E0BC0}.Debug|Any CPU.ActiveCfg = Debug|Any CPU
		{FBF62201-ADD0-4DBF-8F8F-0BE49B0E0BC0}.Debug|Any CPU.Build.0 = Debug|Any CPU
		{FBF62201-ADD0-4DBF-8F8F-0BE49B0E0BC0}.Release|Any CPU.ActiveCfg = Release|Any CPU
		{FBF62201-ADD0-4DBF-8F8F-0BE49B0E0BC0}.Release|Any CPU.Build.0 = Release|Any CPU
		{6363CE9E-E8F1-4944-8596-6A4E7FB56EB1}.Debug|Any CPU.ActiveCfg = Debug|Any CPU
		{6363CE9E-E8F1-4944-8596-6A4E7FB56EB1}.Debug|Any CPU.Build.0 = Debug|Any CPU
		{6363CE9E-E8F1-4944-8596-6A4E7FB56EB1}.Release|Any CPU.ActiveCfg = Release|Any CPU
		{6363CE9E-E8F1-4944-8596-6A4E7FB56EB1}.Release|Any CPU.Build.0 = Release|Any CPU
		{0A829AB8-CE0D-4BD9-8458-149797AD83E6}.Debug|Any CPU.ActiveCfg = Debug|Any CPU
		{0A829AB8-CE0D-4BD9-8458-149797AD83E6}.Debug|Any CPU.Build.0 = Debug|Any CPU
		{0A829AB8-CE0D-4BD9-8458-149797AD83E6}.Release|Any CPU.ActiveCfg = Release|Any CPU
		{0A829AB8-CE0D-4BD9-8458-149797AD83E6}.Release|Any CPU.Build.0 = Release|Any CPU
		{2CC62DB7-E16A-406C-994E-A33CE2ABBD6E}.Debug|Any CPU.ActiveCfg = Debug|Any CPU
		{2CC62DB7-E16A-406C-994E-A33CE2ABBD6E}.Debug|Any CPU.Build.0 = Debug|Any CPU
		{2CC62DB7-E16A-406C-994E-A33CE2ABBD6E}.Release|Any CPU.ActiveCfg = Release|Any CPU
		{2CC62DB7-E16A-406C-994E-A33CE2ABBD6E}.Release|Any CPU.Build.0 = Release|Any CPU
		{45E6C2EA-4139-489B-A29D-7B44D03F03D7}.Debug|Any CPU.ActiveCfg = Debug|Any CPU
		{45E6C2EA-4139-489B-A29D-7B44D03F03D7}.Debug|Any CPU.Build.0 = Debug|Any CPU
		{45E6C2EA-4139-489B-A29D-7B44D03F03D7}.Release|Any CPU.ActiveCfg = Release|Any CPU
		{45E6C2EA-4139-489B-A29D-7B44D03F03D7}.Release|Any CPU.Build.0 = Release|Any CPU
		{EFF94FD6-6176-44B4-9E6C-C33E034F8E7A}.Debug|Any CPU.ActiveCfg = Debug|Any CPU
		{EFF94FD6-6176-44B4-9E6C-C33E034F8E7A}.Debug|Any CPU.Build.0 = Debug|Any CPU
		{EFF94FD6-6176-44B4-9E6C-C33E034F8E7A}.Release|Any CPU.ActiveCfg = Release|Any CPU
		{EFF94FD6-6176-44B4-9E6C-C33E034F8E7A}.Release|Any CPU.Build.0 = Release|Any CPU
		{8E529AF2-C03D-4670-8BF3-61C15FBF3865}.Debug|Any CPU.ActiveCfg = Debug|Any CPU
		{8E529AF2-C03D-4670-8BF3-61C15FBF3865}.Debug|Any CPU.Build.0 = Debug|Any CPU
		{8E529AF2-C03D-4670-8BF3-61C15FBF3865}.Release|Any CPU.ActiveCfg = Release|Any CPU
		{8E529AF2-C03D-4670-8BF3-61C15FBF3865}.Release|Any CPU.Build.0 = Release|Any CPU
		{2E59E629-253E-48EC-8EB2-FCD7F1A433E4}.Debug|Any CPU.ActiveCfg = Debug|Any CPU
		{2E59E629-253E-48EC-8EB2-FCD7F1A433E4}.Debug|Any CPU.Build.0 = Debug|Any CPU
		{2E59E629-253E-48EC-8EB2-FCD7F1A433E4}.Release|Any CPU.ActiveCfg = Release|Any CPU
		{2E59E629-253E-48EC-8EB2-FCD7F1A433E4}.Release|Any CPU.Build.0 = Release|Any CPU
	EndGlobalSection
	GlobalSection(SolutionProperties) = preSolution
		HideSolutionNode = FALSE
	EndGlobalSection
	GlobalSection(NestedProjects) = preSolution
		{33F56563-E813-4F0C-8EE6-FD89BA8C7841} = {A6201CAC-573A-4FE7-83E5-762D03EA2317}
		{83F75485-773C-4DF9-A3D9-A14BEDAA912D} = {DF9D6D52-3B36-450A-A316-FE53A131D159}
		{549EE7C4-BD9A-4C08-919D-69F692931D2E} = {DF9D6D52-3B36-450A-A316-FE53A131D159}
		{FBF62201-ADD0-4DBF-8F8F-0BE49B0E0BC0} = {DF9D6D52-3B36-450A-A316-FE53A131D159}
		{6363CE9E-E8F1-4944-8596-6A4E7FB56EB1} = {A6201CAC-573A-4FE7-83E5-762D03EA2317}
		{0A829AB8-CE0D-4BD9-8458-149797AD83E6} = {DF9D6D52-3B36-450A-A316-FE53A131D159}
		{2CC62DB7-E16A-406C-994E-A33CE2ABBD6E} = {A6201CAC-573A-4FE7-83E5-762D03EA2317}
		{45E6C2EA-4139-489B-A29D-7B44D03F03D7} = {A6201CAC-573A-4FE7-83E5-762D03EA2317}
		{EFF94FD6-6176-44B4-9E6C-C33E034F8E7A} = {A6201CAC-573A-4FE7-83E5-762D03EA2317}
		{8E529AF2-C03D-4670-8BF3-61C15FBF3865} = {A6201CAC-573A-4FE7-83E5-762D03EA2317}
		{2E59E629-253E-48EC-8EB2-FCD7F1A433E4} = {A6201CAC-573A-4FE7-83E5-762D03EA2317}
	EndGlobalSection
	GlobalSection(ExtensibilityGlobals) = postSolution
		SolutionGuid = {B092727C-C395-412F-8211-967E85CE5753}
	EndGlobalSection
EndGlobal
