
Microsoft Visual Studio Solution File, Format Version 12.00
# Visual Studio Version 16
VisualStudioVersion = 16.0.29306.81
MinimumVisualStudioVersion = 10.0.40219.1
Project("{9A19103F-16F7-4668-BE54-9A1E7A4F7556}") = "TestEssentials.Xunit", "TestEssentials.xUnit\TestEssentials.Xunit.csproj", "{529CA711-F212-4155-BC97-9FCAAE1BE62A}"
EndProject
Project("{9A19103F-16F7-4668-BE54-9A1E7A4F7556}") = "TestEssentials.ToolKit", "TestEssentials.ToolKit\TestEssentials.ToolKit.csproj", "{20644577-16A7-475B-94FA-E7F89A7073EF}"
EndProject
Project("{9A19103F-16F7-4668-BE54-9A1E7A4F7556}") = "TestEssentials.ToolKit.Database.SqlServer", "TestEssentials.ToolKit.Database.SqlServer\TestEssentials.ToolKit.Database.SqlServer.csproj", "{7AF8398E-A8B0-47A7-9866-1B26B3F6E9D2}"
EndProject
Global
	GlobalSection(SolutionConfigurationPlatforms) = preSolution
		Debug|Any CPU = Debug|Any CPU
		Release|Any CPU = Release|Any CPU
	EndGlobalSection
	GlobalSection(ProjectConfigurationPlatforms) = postSolution
		{529CA711-F212-4155-BC97-9FCAAE1BE62A}.Debug|Any CPU.ActiveCfg = Debug|Any CPU
		{529CA711-F212-4155-BC97-9FCAAE1BE62A}.Debug|Any CPU.Build.0 = Debug|Any CPU
		{529CA711-F212-4155-BC97-9FCAAE1BE62A}.Release|Any CPU.ActiveCfg = Release|Any CPU
		{529CA711-F212-4155-BC97-9FCAAE1BE62A}.Release|Any CPU.Build.0 = Release|Any CPU
		{20644577-16A7-475B-94FA-E7F89A7073EF}.Debug|Any CPU.ActiveCfg = Debug|Any CPU
		{20644577-16A7-475B-94FA-E7F89A7073EF}.Debug|Any CPU.Build.0 = Debug|Any CPU
		{20644577-16A7-475B-94FA-E7F89A7073EF}.Release|Any CPU.ActiveCfg = Release|Any CPU
		{20644577-16A7-475B-94FA-E7F89A7073EF}.Release|Any CPU.Build.0 = Release|Any CPU
		{7AF8398E-A8B0-47A7-9866-1B26B3F6E9D2}.Debug|Any CPU.ActiveCfg = Debug|Any CPU
		{7AF8398E-A8B0-47A7-9866-1B26B3F6E9D2}.Debug|Any CPU.Build.0 = Debug|Any CPU
		{7AF8398E-A8B0-47A7-9866-1B26B3F6E9D2}.Release|Any CPU.ActiveCfg = Release|Any CPU
		{7AF8398E-A8B0-47A7-9866-1B26B3F6E9D2}.Release|Any CPU.Build.0 = Release|Any CPU
	EndGlobalSection
	GlobalSection(SolutionProperties) = preSolution
		HideSolutionNode = FALSE
	EndGlobalSection
	GlobalSection(ExtensibilityGlobals) = postSolution
		SolutionGuid = {19940C6E-5C92-46DC-9D3B-A70ABFEF24D3}
	EndGlobalSection
EndGlobal
