
Microsoft Visual Studio Solution File, Format Version 12.00
# Visual Studio 15
VisualStudioVersion = 15.0.28307.852
MinimumVisualStudioVersion = 10.0.40219.1
Project("{9A19103F-16F7-4668-BE54-9A1E7A4F7556}") = "TestEssentials.Xunit", "TestEssentials.xUnit\TestEssentials.Xunit.csproj", "{529CA711-F212-4155-BC97-9FCAAE1BE62A}"
EndProject
Project("{9A19103F-16F7-4668-BE54-9A1E7A4F7556}") = "TestEssentials.ToolKit.Database.Dacpac", "TestEssentials.ToolKit.Database.Dacpac\TestEssentials.ToolKit.Database.Dacpac.csproj", "{75694817-4D8B-441C-9FB8-C3337D126637}"
EndProject
Project("{2150E333-8FDC-42A3-9474-1A3956D46DE8}") = ".config", ".config", "{4D1A379D-7E53-46E0-9523-E867F0701EEC}"
	ProjectSection(SolutionItems) = preProject
		.editorconfig = .editorconfig
		..\azure-pipelines.yml = ..\azure-pipelines.yml
	EndProjectSection
EndProject
Project("{9A19103F-16F7-4668-BE54-9A1E7A4F7556}") = "TestEssentials.ToolKit.WireMock", "TestEssentials.ToolKit.WireMock\TestEssentials.ToolKit.WireMock.csproj", "{7A3C9731-A7C5-48ED-9588-C291870EC3AD}"
EndProject
Project("{9A19103F-16F7-4668-BE54-9A1E7A4F7556}") = "TestEssentials.ToolKit.Authentication", "TestEssentials.ToolKit.Authentication\TestEssentials.ToolKit.Authentication.csproj", "{F7BAF637-C047-4D53-83C0-07D0DD4E5953}"
EndProject
Project("{9A19103F-16F7-4668-BE54-9A1E7A4F7556}") = "TestEssentials.ToolKit.Database.SqlServer", "TestEssentials.ToolKit.Database.SqlServer\TestEssentials.ToolKit.Database.SqlServer.csproj", "{1D991D66-FD63-41A5-A5F3-1E3C1669AE24}"
EndProject
Project("{9A19103F-16F7-4668-BE54-9A1E7A4F7556}") = "TestEssentials.ToolKit.Database", "TestEssentials.ToolKit.Database\TestEssentials.ToolKit.Database.csproj", "{02F81584-70E1-46CC-8E2D-7E596361225E}"
EndProject
Project("{9A19103F-16F7-4668-BE54-9A1E7A4F7556}") = "TestEssentials.ToolKit.MockServer", "TestEssentials.ToolKit.MockServer\TestEssentials.ToolKit.MockServer.csproj", "{4B7B053E-BBE7-459E-9205-782755737556}"
EndProject
Global
	GlobalSection(SolutionConfigurationPlatforms) = preSolution
		Debug|Any CPU = Debug|Any CPU
		Release|Any CPU = Release|Any CPU
	EndGlobalSection
	GlobalSection(ProjectConfigurationPlatforms) = postSolution
		{529CA711-F212-4155-BC97-9FCAAE1BE62A}.Debug|Any CPU.ActiveCfg = Debug|Any CPU
		{529CA711-F212-4155-BC97-9FCAAE1BE62A}.Debug|Any CPU.Build.0 = Debug|Any CPU
		{529CA711-F212-4155-BC97-9FCAAE1BE62A}.Release|Any CPU.ActiveCfg = Release|Any CPU
		{529CA711-F212-4155-BC97-9FCAAE1BE62A}.Release|Any CPU.Build.0 = Release|Any CPU
		{75694817-4D8B-441C-9FB8-C3337D126637}.Debug|Any CPU.ActiveCfg = Debug|Any CPU
		{75694817-4D8B-441C-9FB8-C3337D126637}.Debug|Any CPU.Build.0 = Debug|Any CPU
		{75694817-4D8B-441C-9FB8-C3337D126637}.Release|Any CPU.ActiveCfg = Release|Any CPU
		{75694817-4D8B-441C-9FB8-C3337D126637}.Release|Any CPU.Build.0 = Release|Any CPU
		{7A3C9731-A7C5-48ED-9588-C291870EC3AD}.Debug|Any CPU.ActiveCfg = Debug|Any CPU
		{7A3C9731-A7C5-48ED-9588-C291870EC3AD}.Debug|Any CPU.Build.0 = Debug|Any CPU
		{7A3C9731-A7C5-48ED-9588-C291870EC3AD}.Release|Any CPU.ActiveCfg = Release|Any CPU
		{7A3C9731-A7C5-48ED-9588-C291870EC3AD}.Release|Any CPU.Build.0 = Release|Any CPU
		{F7BAF637-C047-4D53-83C0-07D0DD4E5953}.Debug|Any CPU.ActiveCfg = Debug|Any CPU
		{F7BAF637-C047-4D53-83C0-07D0DD4E5953}.Debug|Any CPU.Build.0 = Debug|Any CPU
		{F7BAF637-C047-4D53-83C0-07D0DD4E5953}.Release|Any CPU.ActiveCfg = Release|Any CPU
		{F7BAF637-C047-4D53-83C0-07D0DD4E5953}.Release|Any CPU.Build.0 = Release|Any CPU
		{1D991D66-FD63-41A5-A5F3-1E3C1669AE24}.Debug|Any CPU.ActiveCfg = Debug|Any CPU
		{1D991D66-FD63-41A5-A5F3-1E3C1669AE24}.Debug|Any CPU.Build.0 = Debug|Any CPU
		{1D991D66-FD63-41A5-A5F3-1E3C1669AE24}.Release|Any CPU.ActiveCfg = Release|Any CPU
		{1D991D66-FD63-41A5-A5F3-1E3C1669AE24}.Release|Any CPU.Build.0 = Release|Any CPU
		{02F81584-70E1-46CC-8E2D-7E596361225E}.Debug|Any CPU.ActiveCfg = Debug|Any CPU
		{02F81584-70E1-46CC-8E2D-7E596361225E}.Debug|Any CPU.Build.0 = Debug|Any CPU
		{02F81584-70E1-46CC-8E2D-7E596361225E}.Release|Any CPU.ActiveCfg = Release|Any CPU
		{02F81584-70E1-46CC-8E2D-7E596361225E}.Release|Any CPU.Build.0 = Release|Any CPU
		{4B7B053E-BBE7-459E-9205-782755737556}.Debug|Any CPU.ActiveCfg = Debug|Any CPU
		{4B7B053E-BBE7-459E-9205-782755737556}.Debug|Any CPU.Build.0 = Debug|Any CPU
		{4B7B053E-BBE7-459E-9205-782755737556}.Release|Any CPU.ActiveCfg = Release|Any CPU
		{4B7B053E-BBE7-459E-9205-782755737556}.Release|Any CPU.Build.0 = Release|Any CPU
	EndGlobalSection
	GlobalSection(SolutionProperties) = preSolution
		HideSolutionNode = FALSE
	EndGlobalSection
	GlobalSection(ExtensibilityGlobals) = postSolution
		SolutionGuid = {19940C6E-5C92-46DC-9D3B-A70ABFEF24D3}
	EndGlobalSection
EndGlobal
